
Microsoft Visual Studio Solution File, Format Version 12.00
Project("{FAE04EC0-301F-11D3-BF4B-00C04F79EFBC}") = "EduCore", "EduCore\EduCore.csproj", "{B35E6E0A-2513-4E8B-B54F-BE69D9FA12A6}"
EndProject
Global
	GlobalSection(SolutionConfigurationPlatforms) = preSolution
		Debug|Any CPU = Debug|Any CPU
		Release|Any CPU = Release|Any CPU
	EndGlobalSection
	GlobalSection(ProjectConfigurationPlatforms) = postSolution
		{B35E6E0A-2513-4E8B-B54F-BE69D9FA12A6}.Debug|Any CPU.ActiveCfg = Debug|Any CPU
		{B35E6E0A-2513-4E8B-B54F-BE69D9FA12A6}.Debug|Any CPU.Build.0 = Debug|Any CPU
		{B35E6E0A-2513-4E8B-B54F-BE69D9FA12A6}.Release|Any CPU.ActiveCfg = Release|Any CPU
		{B35E6E0A-2513-4E8B-B54F-BE69D9FA12A6}.Release|Any CPU.Build.0 = Release|Any CPU
	EndGlobalSection
EndGlobal
